// !$*UTF8*$!
{
	archiveVersion = 1;
	classes = {
	};
	objectVersion = 46;
	objects = {

/* Begin PBXBuildFile section */
		04E23EBF1B04E5CA00E831B4 /* AppDelegate.swift in Sources */ = {isa = PBXBuildFile; fileRef = 04E23EBE1B04E5CA00E831B4 /* AppDelegate.swift */; };
		04E23EC41B04E5CA00E831B4 /* Main.storyboard in Resources */ = {isa = PBXBuildFile; fileRef = 04E23EC21B04E5CA00E831B4 /* Main.storyboard */; };
		04E23EC61B04E5CA00E831B4 /* Images.xcassets in Resources */ = {isa = PBXBuildFile; fileRef = 04E23EC51B04E5CA00E831B4 /* Images.xcassets */; };
		04E23EC91B04E5CA00E831B4 /* LaunchScreen.xib in Resources */ = {isa = PBXBuildFile; fileRef = 04E23EC71B04E5CA00E831B4 /* LaunchScreen.xib */; };
		04E23ED51B04E5CA00E831B4 /* PopViewTests.swift in Sources */ = {isa = PBXBuildFile; fileRef = 04E23ED41B04E5CA00E831B4 /* PopViewTests.swift */; };
		04E23EE21B04E61300E831B4 /* PopoverAnimator.swift in Sources */ = {isa = PBXBuildFile; fileRef = 04E23EDF1B04E61300E831B4 /* PopoverAnimator.swift */; };
		04E23EE31B04E61300E831B4 /* PopoverPresentationController.swift in Sources */ = {isa = PBXBuildFile; fileRef = 04E23EE01B04E61300E831B4 /* PopoverPresentationController.swift */; };
		04E23EE41B04E61300E831B4 /* PopoverViewController.swift in Sources */ = {isa = PBXBuildFile; fileRef = 04E23EE11B04E61300E831B4 /* PopoverViewController.swift */; };
		04E23EE71B04E64600E831B4 /* PopViewController.storyboard in Resources */ = {isa = PBXBuildFile; fileRef = 04E23EE61B04E64600E831B4 /* PopViewController.storyboard */; };
/* End PBXBuildFile section */

/* Begin PBXContainerItemProxy section */
		04E23ECF1B04E5CA00E831B4 /* PBXContainerItemProxy */ = {
			isa = PBXContainerItemProxy;
			containerPortal = 04E23EB11B04E5CA00E831B4 /* Project object */;
			proxyType = 1;
			remoteGlobalIDString = 04E23EB81B04E5CA00E831B4;
			remoteInfo = PopView;
		};
/* End PBXContainerItemProxy section */

/* Begin PBXFileReference section */
		04E23EB91B04E5CA00E831B4 /* PopView.app */ = {isa = PBXFileReference; explicitFileType = wrapper.application; includeInIndex = 0; path = PopView.app; sourceTree = BUILT_PRODUCTS_DIR; };
		04E23EBD1B04E5CA00E831B4 /* Info.plist */ = {isa = PBXFileReference; lastKnownFileType = text.plist.xml; path = Info.plist; sourceTree = "<group>"; };
		04E23EBE1B04E5CA00E831B4 /* AppDelegate.swift */ = {isa = PBXFileReference; lastKnownFileType = sourcecode.swift; path = AppDelegate.swift; sourceTree = "<group>"; };
		04E23EC31B04E5CA00E831B4 /* Base */ = {isa = PBXFileReference; lastKnownFileType = file.storyboard; name = Base; path = Base.lproj/Main.storyboard; sourceTree = "<group>"; };
		04E23EC51B04E5CA00E831B4 /* Images.xcassets */ = {isa = PBXFileReference; lastKnownFileType = folder.assetcatalog; path = Images.xcassets; sourceTree = "<group>"; };
		04E23EC81B04E5CA00E831B4 /* Base */ = {isa = PBXFileReference; lastKnownFileType = file.xib; name = Base; path = Base.lproj/LaunchScreen.xib; sourceTree = "<group>"; };
		04E23ECE1B04E5CA00E831B4 /* PopViewTests.xctest */ = {isa = PBXFileReference; explicitFileType = wrapper.cfbundle; includeInIndex = 0; path = PopViewTests.xctest; sourceTree = BUILT_PRODUCTS_DIR; };
		04E23ED31B04E5CA00E831B4 /* Info.plist */ = {isa = PBXFileReference; lastKnownFileType = text.plist.xml; path = Info.plist; sourceTree = "<group>"; };
		04E23ED41B04E5CA00E831B4 /* PopViewTests.swift */ = {isa = PBXFileReference; lastKnownFileType = sourcecode.swift; path = PopViewTests.swift; sourceTree = "<group>"; };
		04E23EDF1B04E61300E831B4 /* PopoverAnimator.swift */ = {isa = PBXFileReference; fileEncoding = 4; lastKnownFileType = sourcecode.swift; path = PopoverAnimator.swift; sourceTree = "<group>"; };
		04E23EE01B04E61300E831B4 /* PopoverPresentationController.swift */ = {isa = PBXFileReference; fileEncoding = 4; lastKnownFileType = sourcecode.swift; path = PopoverPresentationController.swift; sourceTree = "<group>"; };
		04E23EE11B04E61300E831B4 /* PopoverViewController.swift */ = {isa = PBXFileReference; fileEncoding = 4; lastKnownFileType = sourcecode.swift; path = PopoverViewController.swift; sourceTree = "<group>"; };
		04E23EE61B04E64600E831B4 /* PopViewController.storyboard */ = {isa = PBXFileReference; fileEncoding = 4; lastKnownFileType = file.storyboard; path = PopViewController.storyboard; sourceTree = "<group>"; };
		04E23EE91B04E80400E831B4 /* Base */ = {isa = PBXFileReference; lastKnownFileType = sourcecode.swift; name = Base; path = Base.lproj/ViewController.swift; sourceTree = "<group>"; };
/* End PBXFileReference section */

/* Begin PBXFrameworksBuildPhase section */
		04E23EB61B04E5CA00E831B4 /* Frameworks */ = {
			isa = PBXFrameworksBuildPhase;
			buildActionMask = 2147483647;
			files = (
			);
			runOnlyForDeploymentPostprocessing = 0;
		};
		04E23ECB1B04E5CA00E831B4 /* Frameworks */ = {
			isa = PBXFrameworksBuildPhase;
			buildActionMask = 2147483647;
			files = (
			);
			runOnlyForDeploymentPostprocessing = 0;
		};
/* End PBXFrameworksBuildPhase section */

/* Begin PBXGroup section */
		04E23EB01B04E5CA00E831B4 = {
			isa = PBXGroup;
			children = (
				04E23EBB1B04E5CA00E831B4 /* PopView */,
				04E23ED11B04E5CA00E831B4 /* PopViewTests */,
				04E23EBA1B04E5CA00E831B4 /* Products */,
			);
			sourceTree = "<group>";
		};
		04E23EBA1B04E5CA00E831B4 /* Products */ = {
			isa = PBXGroup;
			children = (
				04E23EB91B04E5CA00E831B4 /* PopView.app */,
				04E23ECE1B04E5CA00E831B4 /* PopViewTests.xctest */,
			);
			name = Products;
			sourceTree = "<group>";
		};
		04E23EBB1B04E5CA00E831B4 /* PopView */ = {
			isa = PBXGroup;
			children = (
				04E23EDE1B04E5F700E831B4 /* Class */,
				04E23EE81B04E80400E831B4 /* ViewController.swift */,
				04E23EC21B04E5CA00E831B4 /* Main.storyboard */,
				04E23EBE1B04E5CA00E831B4 /* AppDelegate.swift */,
				04E23EC51B04E5CA00E831B4 /* Images.xcassets */,
				04E23EC71B04E5CA00E831B4 /* LaunchScreen.xib */,
				04E23EBC1B04E5CA00E831B4 /* Supporting Files */,
			);
			path = PopView;
			sourceTree = "<group>";
		};
		04E23EBC1B04E5CA00E831B4 /* Supporting Files */ = {
			isa = PBXGroup;
			children = (
				04E23EBD1B04E5CA00E831B4 /* Info.plist */,
			);
			name = "Supporting Files";
			sourceTree = "<group>";
		};
		04E23ED11B04E5CA00E831B4 /* PopViewTests */ = {
			isa = PBXGroup;
			children = (
				04E23ED41B04E5CA00E831B4 /* PopViewTests.swift */,
				04E23ED21B04E5CA00E831B4 /* Supporting Files */,
			);
			path = PopViewTests;
			sourceTree = "<group>";
		};
		04E23ED21B04E5CA00E831B4 /* Supporting Files */ = {
			isa = PBXGroup;
			children = (
				04E23ED31B04E5CA00E831B4 /* Info.plist */,
			);
			name = "Supporting Files";
			sourceTree = "<group>";
		};
		04E23EDE1B04E5F700E831B4 /* Class */ = {
			isa = PBXGroup;
			children = (
				04E23EDF1B04E61300E831B4 /* PopoverAnimator.swift */,
				04E23EE01B04E61300E831B4 /* PopoverPresentationController.swift */,
				04E23EE11B04E61300E831B4 /* PopoverViewController.swift */,
				04E23EE61B04E64600E831B4 /* PopViewController.storyboard */,
			);
			path = Class;
			sourceTree = "<group>";
		};
/* End PBXGroup section */

/* Begin PBXNativeTarget section */
		04E23EB81B04E5CA00E831B4 /* PopView */ = {
			isa = PBXNativeTarget;
			buildConfigurationList = 04E23ED81B04E5CA00E831B4 /* Build configuration list for PBXNativeTarget "PopView" */;
			buildPhases = (
				04E23EB51B04E5CA00E831B4 /* Sources */,
				04E23EB61B04E5CA00E831B4 /* Frameworks */,
				04E23EB71B04E5CA00E831B4 /* Resources */,
			);
			buildRules = (
			);
			dependencies = (
			);
			name = PopView;
			productName = PopView;
			productReference = 04E23EB91B04E5CA00E831B4 /* PopView.app */;
			productType = "com.apple.product-type.application";
		};
		04E23ECD1B04E5CA00E831B4 /* PopViewTests */ = {
			isa = PBXNativeTarget;
			buildConfigurationList = 04E23EDB1B04E5CA00E831B4 /* Build configuration list for PBXNativeTarget "PopViewTests" */;
			buildPhases = (
				04E23ECA1B04E5CA00E831B4 /* Sources */,
				04E23ECB1B04E5CA00E831B4 /* Frameworks */,
				04E23ECC1B04E5CA00E831B4 /* Resources */,
			);
			buildRules = (
			);
			dependencies = (
				04E23ED01B04E5CA00E831B4 /* PBXTargetDependency */,
			);
			name = PopViewTests;
			productName = PopViewTests;
			productReference = 04E23ECE1B04E5CA00E831B4 /* PopViewTests.xctest */;
			productType = "com.apple.product-type.bundle.unit-test";
		};
/* End PBXNativeTarget section */

/* Begin PBXProject section */
		04E23EB11B04E5CA00E831B4 /* Project object */ = {
			isa = PBXProject;
			attributes = {
				LastUpgradeCheck = 0610;
				ORGANIZATIONNAME = Sariel;
				TargetAttributes = {
					04E23EB81B04E5CA00E831B4 = {
						CreatedOnToolsVersion = 6.1.1;
					};
					04E23ECD1B04E5CA00E831B4 = {
						CreatedOnToolsVersion = 6.1.1;
						TestTargetID = 04E23EB81B04E5CA00E831B4;
					};
				};
			};
			buildConfigurationList = 04E23EB41B04E5CA00E831B4 /* Build configuration list for PBXProject "PopView" */;
			compatibilityVersion = "Xcode 3.2";
			developmentRegion = English;
			hasScannedForEncodings = 0;
			knownRegions = (
				en,
				Base,
			);
			mainGroup = 04E23EB01B04E5CA00E831B4;
			productRefGroup = 04E23EBA1B04E5CA00E831B4 /* Products */;
			projectDirPath = "";
			projectRoot = "";
			targets = (
				04E23EB81B04E5CA00E831B4 /* PopView */,
				04E23ECD1B04E5CA00E831B4 /* PopViewTests */,
			);
		};
/* End PBXProject section */

/* Begin PBXResourcesBuildPhase section */
		04E23EB71B04E5CA00E831B4 /* Resources */ = {
			isa = PBXResourcesBuildPhase;
			buildActionMask = 2147483647;
			files = (
				04E23EC41B04E5CA00E831B4 /* Main.storyboard in Resources */,
				04E23EE71B04E64600E831B4 /* PopViewController.storyboard in Resources */,
				04E23EC91B04E5CA00E831B4 /* LaunchScreen.xib in Resources */,
				04E23EC61B04E5CA00E831B4 /* Images.xcassets in Resources */,
			);
			runOnlyForDeploymentPostprocessing = 0;
		};
		04E23ECC1B04E5CA00E831B4 /* Resources */ = {
			isa = PBXResourcesBuildPhase;
			buildActionMask = 2147483647;
			files = (
			);
			runOnlyForDeploymentPostprocessing = 0;
		};
/* End PBXResourcesBuildPhase section */

/* Begin PBXSourcesBuildPhase section */
		04E23EB51B04E5CA00E831B4 /* Sources */ = {
			isa = PBXSourcesBuildPhase;
			buildActionMask = 2147483647;
			files = (
				04E23EE41B04E61300E831B4 /* PopoverViewController.swift in Sources */,
				04E23EE21B04E61300E831B4 /* PopoverAnimator.swift in Sources */,
				04E23EBF1B04E5CA00E831B4 /* AppDelegate.swift in Sources */,
				04E23EE31B04E61300E831B4 /* PopoverPresentationController.swift in Sources */,
			);
			runOnlyForDeploymentPostprocessing = 0;
		};
		04E23ECA1B04E5CA00E831B4 /* Sources */ = {
			isa = PBXSourcesBuildPhase;
			buildActionMask = 2147483647;
			files = (
				04E23ED51B04E5CA00E831B4 /* PopViewTests.swift in Sources */,
			);
			runOnlyForDeploymentPostprocessing = 0;
		};
/* End PBXSourcesBuildPhase section */

/* Begin PBXTargetDependency section */
		04E23ED01B04E5CA00E831B4 /* PBXTargetDependency */ = {
			isa = PBXTargetDependency;
			target = 04E23EB81B04E5CA00E831B4 /* PopView */;
			targetProxy = 04E23ECF1B04E5CA00E831B4 /* PBXContainerItemProxy */;
		};
/* End PBXTargetDependency section */

/* Begin PBXVariantGroup section */
		04E23EC21B04E5CA00E831B4 /* Main.storyboard */ = {
			isa = PBXVariantGroup;
			children = (
				04E23EC31B04E5CA00E831B4 /* Base */,
			);
			name = Main.storyboard;
			sourceTree = "<group>";
		};
		04E23EC71B04E5CA00E831B4 /* LaunchScreen.xib */ = {
			isa = PBXVariantGroup;
			children = (
				04E23EC81B04E5CA00E831B4 /* Base */,
			);
			name = LaunchScreen.xib;
			sourceTree = "<group>";
		};
		04E23EE81B04E80400E831B4 /* ViewController.swift */ = {
			isa = PBXVariantGroup;
			children = (
				04E23EE91B04E80400E831B4 /* Base */,
			);
			name = ViewController.swift;
			sourceTree = "<group>";
		};
/* End PBXVariantGroup section */

/* Begin XCBuildConfiguration section */
		04E23ED61B04E5CA00E831B4 /* Debug */ = {
			isa = XCBuildConfiguration;
			buildSettings = {
				ALWAYS_SEARCH_USER_PATHS = NO;
				CLANG_CXX_LANGUAGE_STANDARD = "gnu++0x";
				CLANG_CXX_LIBRARY = "libc++";
				CLANG_ENABLE_MODULES = YES;
				CLANG_ENABLE_OBJC_ARC = YES;
				CLANG_WARN_BOOL_CONVERSION = YES;
				CLANG_WARN_CONSTANT_CONVERSION = YES;
				CLANG_WARN_DIRECT_OBJC_ISA_USAGE = YES_ERROR;
				CLANG_WARN_EMPTY_BODY = YES;
				CLANG_WARN_ENUM_CONVERSION = YES;
				CLANG_WARN_INT_CONVERSION = YES;
				CLANG_WARN_OBJC_ROOT_CLASS = YES_ERROR;
				CLANG_WARN_UNREACHABLE_CODE = YES;
				CLANG_WARN__DUPLICATE_METHOD_MATCH = YES;
				"CODE_SIGN_IDENTITY[sdk=iphoneos*]" = "iPhone Developer";
				COPY_PHASE_STRIP = NO;
				ENABLE_STRICT_OBJC_MSGSEND = YES;
				GCC_C_LANGUAGE_STANDARD = gnu99;
				GCC_DYNAMIC_NO_PIC = NO;
				GCC_OPTIMIZATION_LEVEL = 0;
				GCC_PREPROCESSOR_DEFINITIONS = (
					"DEBUG=1",
					"$(inherited)",
				);
				GCC_SYMBOLS_PRIVATE_EXTERN = NO;
				GCC_WARN_64_TO_32_BIT_CONVERSION = YES;
				GCC_WARN_ABOUT_RETURN_TYPE = YES_ERROR;
				GCC_WARN_UNDECLARED_SELECTOR = YES;
				GCC_WARN_UNINITIALIZED_AUTOS = YES_AGGRESSIVE;
				GCC_WARN_UNUSED_FUNCTION = YES;
				GCC_WARN_UNUSED_VARIABLE = YES;
				IPHONEOS_DEPLOYMENT_TARGET = 8.1;
				MTL_ENABLE_DEBUG_INFO = YES;
				ONLY_ACTIVE_ARCH = YES;
				SDKROOT = iphoneos;
				SWIFT_OPTIMIZATION_LEVEL = "-Onone";
			};
			name = Debug;
		};
		04E23ED71B04E5CA00E831B4 /* Release */ = {
			isa = XCBuildConfiguration;
			buildSettings = {
				ALWAYS_SEARCH_USER_PATHS = NO;
				CLANG_CXX_LANGUAGE_STANDARD = "gnu++0x";
				CLANG_CXX_LIBRARY = "libc++";
				CLANG_ENABLE_MODULES = YES;
				CLANG_ENABLE_OBJC_ARC = YES;
				CLANG_WARN_BOOL_CONVERSION = YES;
				CLANG_WARN_CONSTANT_CONVERSION = YES;
				CLANG_WARN_DIRECT_OBJC_ISA_USAGE = YES_ERROR;
				CLANG_WARN_EMPTY_BODY = YES;
				CLANG_WARN_ENUM_CONVERSION = YES;
				CLANG_WARN_INT_CONVERSION = YES;
				CLANG_WARN_OBJC_ROOT_CLASS = YES_ERROR;
				CLANG_WARN_UNREACHABLE_CODE = YES;
				CLANG_WARN__DUPLICATE_METHOD_MATCH = YES;
				"CODE_SIGN_IDENTITY[sdk=iphoneos*]" = "iPhone Developer";
				COPY_PHASE_STRIP = YES;
				ENABLE_NS_ASSERTIONS = NO;
				ENABLE_STRICT_OBJC_MSGSEND = YES;
				GCC_C_LANGUAGE_STANDARD = gnu99;
				GCC_WARN_64_TO_32_BIT_CONVERSION = YES;
				GCC_WARN_ABOUT_RETURN_TYPE = YES_ERROR;
				GCC_WARN_UNDECLARED_SELECTOR = YES;
				GCC_WARN_UNINITIALIZED_AUTOS = YES_AGGRESSIVE;
				GCC_WARN_UNUSED_FUNCTION = YES;
				GCC_WARN_UNUSED_VARIABLE = YES;
				IPHONEOS_DEPLOYMENT_TARGET = 8.1;
				MTL_ENABLE_DEBUG_INFO = NO;
				SDKROOT = iphoneos;
				VALIDATE_PRODUCT = YES;
			};
			name = Release;
		};
		04E23ED91B04E5CA00E831B4 /* Debug */ = {
			isa = XCBuildConfiguration;
			buildSettings = {
				ASSETCATALOG_COMPILER_APPICON_NAME = AppIcon;
				INFOPLIST_FILE = PopView/Info.plist;
				LD_RUNPATH_SEARCH_PATHS = "$(inherited) @executable_path/Frameworks";
				PRODUCT_NAME = "$(TARGET_NAME)";
			};
			name = Debug;
		};
		04E23EDA1B04E5CA00E831B4 /* Release */ = {
			isa = XCBuildConfiguration;
			buildSettings = {
				ASSETCATALOG_COMPILER_APPICON_NAME = AppIcon;
				INFOPLIST_FILE = PopView/Info.plist;
				LD_RUNPATH_SEARCH_PATHS = "$(inherited) @executable_path/Frameworks";
				PRODUCT_NAME = "$(TARGET_NAME)";
			};
			name = Release;
		};
		04E23EDC1B04E5CA00E831B4 /* Debug */ = {
			isa = XCBuildConfiguration;
			buildSettings = {
				BUNDLE_LOADER = "$(TEST_HOST)";
				FRAMEWORK_SEARCH_PATHS = (
					"$(SDKROOT)/Developer/Library/Frameworks",
					"$(inherited)",
				);
				GCC_PREPROCESSOR_DEFINITIONS = (
					"DEBUG=1",
					"$(inherited)",
				);
				INFOPLIST_FILE = PopViewTests/Info.plist;
				LD_RUNPATH_SEARCH_PATHS = "$(inherited) @executable_path/Frameworks @loader_path/Frameworks";
				PRODUCT_NAME = "$(TARGET_NAME)";
				TEST_HOST = "$(BUILT_PRODUCTS_DIR)/PopView.app/PopView";
			};
			name = Debug;
		};
		04E23EDD1B04E5CA00E831B4 /* Release */ = {
			isa = XCBuildConfiguration;
			buildSettings = {
				BUNDLE_LOADER = "$(TEST_HOST)";
				FRAMEWORK_SEARCH_PATHS = (
					"$(SDKROOT)/Developer/Library/Frameworks",
					"$(inherited)",
				);
				INFOPLIST_FILE = PopViewTests/Info.plist;
				LD_RUNPATH_SEARCH_PATHS = "$(inherited) @executable_path/Frameworks @loader_path/Frameworks";
				PRODUCT_NAME = "$(TARGET_NAME)";
				TEST_HOST = "$(BUILT_PRODUCTS_DIR)/PopView.app/PopView";
			};
			name = Release;
		};
/* End XCBuildConfiguration section */

/* Begin XCConfigurationList section */
		04E23EB41B04E5CA00E831B4 /* Build configuration list for PBXProject "PopView" */ = {
			isa = XCConfigurationList;
			buildConfigurations = (
				04E23ED61B04E5CA00E831B4 /* Debug */,
				04E23ED71B04E5CA00E831B4 /* Release */,
			);
			defaultConfigurationIsVisible = 0;
			defaultConfigurationName = Release;
		};
		04E23ED81B04E5CA00E831B4 /* Build configuration list for PBXNativeTarget "PopView" */ = {
			isa = XCConfigurationList;
			buildConfigurations = (
				04E23ED91B04E5CA00E831B4 /* Debug */,
				04E23EDA1B04E5CA00E831B4 /* Release */,
			);
			defaultConfigurationIsVisible = 0;
		};
		04E23EDB1B04E5CA00E831B4 /* Build configuration list for PBXNativeTarget "PopViewTests" */ = {
			isa = XCConfigurationList;
			buildConfigurations = (
				04E23EDC1B04E5CA00E831B4 /* Debug */,
				04E23EDD1B04E5CA00E831B4 /* Release */,
			);
			defaultConfigurationIsVisible = 0;
		};
/* End XCConfigurationList section */
	};
	rootObject = 04E23EB11B04E5CA00E831B4 /* Project object */;
}
